github.com/Sporejug2/Dog v0.0.0-20240104125923-7b8204ba61c5 h1:R5aRIcI8gHk2WW1je0fOKAq1jBsFmgybP/Rp0WxImrg=
github.com/Sporejug2/Dog v0.0.0-20240104125923-7b8204ba61c5/go.mod h1:QlVKaZ8CxaLbBvchqC8sT9+o/EqRTqozZ3mBEHcErag=
github.com/Sporejug2/puppy v0.0.0-20240104130407-b6d4d5e42a2b h1:jkBWEhDqR160Cu+ZWFuALWcN6/tf5HuwPwT2ufPop7A=
github.com/Sporejug2/puppy v0.0.0-20240104130407-b6d4d5e42a2b/go.mod h1:j7AjQy4OQJXkNLWav9B5TfudzJpmpi/g889rbQs3azs=
github.com/Sporejug2/puppy v1.3.0 h1:wav2FpWMetHPh1IDuir4MzuQlsGMvWQnnDxVGj+0fRc=
github.com/Sporejug2/puppy v1.3.0/go.mod h1:j7AjQy4OQJXkNLWav9B5TfudzJpmpi/g889rbQs3azs=
github.com/Sporejug2/puppy v1.4.0 h1:0OysPKrDDzn9WbVkUybhaTXdpyxDNUueSoAK/qHlzZk=
github.com/Sporejug2/puppy v1.4.0/go.mod h1:j7AjQy4OQJXkNLWav9B5TfudzJpmpi/g889rbQs3azs=
