github.com/Sporejug2/Dog v0.0.0-20240104125923-7b8204ba61c5 h1:R5aRIcI8gHk2WW1je0fOKAq1jBsFmgybP/Rp0WxImrg=
github.com/Sporejug2/Dog v0.0.0-20240104125923-7b8204ba61c5/go.mod h1:QlVKaZ8CxaLbBvchqC8sT9+o/EqRTqozZ3mBEHcErag=
github.com/Sporejug2/cat v0.0.0-20240108112709-426d8109b88e h1:RfnJvgBmrl+juxiD36Dq24VoAtcP0TV7JX/6v1CJyUI=
github.com/Sporejug2/cat v0.0.0-20240108112709-426d8109b88e/go.mod h1:tDi11IXbBeDl2oMmUYZMMt0rNBUD1xX3QvM/xrKkmBs=
github.com/Sporejug2/puppy v1.3.0 h1:wav2FpWMetHPh1IDuir4MzuQlsGMvWQnnDxVGj+0fRc=
github.com/Sporejug2/puppy v1.3.0/go.mod h1:j7AjQy4OQJXkNLWav9B5TfudzJpmpi/g889rbQs3azs=
